<?xml version="1.0" encoding="utf-8"?>
<Project ToolsVersion="4.0" xmlns="http://schemas.microsoft.com/developer/msbuild/2003">
  <ItemGroup>
    <Filter Include="Source Files">
      <UniqueIdentifier>{4FC737F1-C7A5-4376-A066-2A32D752A2FF}</UniqueIdentifier>
      <Extensions>cpp;c;cc;cxx;def;odl;idl;hpj;bat;asm;asmx</Extensions>
    </Filter>
    <Filter Include="Header Files">
      <UniqueIdentifier>{93995380-89BD-4b04-88EB-625FBE52EBFB}</UniqueIdentifier>
      <Extensions>h;hh;hpp;hxx;hm;inl;inc;xsd</Extensions>
    </Filter>
    <Filter Include="Resource Files">
      <UniqueIdentifier>{67DA6AB6-F800-4c08-8B7A-83BB121AAD01}</UniqueIdentifier>
      <Extensions>rc;ico;cur;bmp;dlg;rc2;rct;bin;rgs;gif;jpg;jpeg;jpe;resx;tiff;tif;png;wav;mfcribbon-ms</Extensions>
    </Filter>
  </ItemGroup>
  <ItemGroup>
    <ClInclude Include="SourceAstronauts\astronaut.h">
      <Filter>Header Files</Filter>
    </ClInclude>
    <ClInclude Include="SourceAstronauts\team.h">
      <Filter>Header Files</Filter>
    </ClInclude>
    <ClInclude Include="SourceCore\colide.h">
      <Filter>Header Files</Filter>
    </ClInclude>
    <ClInclude Include="SourceCore\consts.h">
      <Filter>Header Files</Filter>
    </ClInclude>
    <ClInclude Include="SourceCore\engine.h">
      <Filter>Header Files</Filter>
    </ClInclude>
    <ClInclude Include="SourceCore\globals.h">
      <Filter>Header Files</Filter>
    </ClInclude>
    <ClInclude Include="SourceCore\start_up.h">
      <Filter>Header Files</Filter>
    </ClInclude>
    <ClInclude Include="SourceGame\subMain.h">
      <Filter>Header Files</Filter>
    </ClInclude>
    <ClInclude Include="SourceGame\subMission.h">
      <Filter>Header Files</Filter>
    </ClInclude>
    <ClInclude Include="SourceGame\subResearch.h">
      <Filter>Header Files</Filter>
    </ClInclude>
    <ClInclude Include="SourceGame\subState.h">
      <Filter>Header Files</Filter>
    </ClInclude>
    <ClInclude Include="SourceMission\Case.h">
      <Filter>Header Files</Filter>
    </ClInclude>
    <ClInclude Include="SourceMission\Mission.h">
      <Filter>Header Files</Filter>
    </ClInclude>
    <ClInclude Include="SourceModule\detail_enums.h">
      <Filter>Header Files</Filter>
    </ClInclude>
    <ClInclude Include="SourceModule\mod_enums.h">
      <Filter>Header Files</Filter>
    </ClInclude>
    <ClInclude Include="SourceModule\modules.h">
      <Filter>Header Files</Filter>
    </ClInclude>
    <ClInclude Include="SourceOverlays\enums.h">
      <Filter>Header Files</Filter>
    </ClInclude>
    <ClInclude Include="SourceOverlays\Overlays.h">
      <Filter>Header Files</Filter>
    </ClInclude>
    <ClInclude Include="SourceResearch\Option.h">
      <Filter>Header Files</Filter>
    </ClInclude>
    <ClInclude Include="SourceResearch\option_enums.h">
      <Filter>Header Files</Filter>
    </ClInclude>
    <ClInclude Include="SourceStages\stages.h">
      <Filter>Header Files</Filter>
    </ClInclude>
    <ClInclude Include="SourceStates\game_state.h">
      <Filter>Header Files</Filter>
    </ClInclude>
    <ClInclude Include="SourceStates\states.h">
      <Filter>Header Files</Filter>
    </ClInclude>
    <ClInclude Include="SourceStations\resource_enums.h">
      <Filter>Header Files</Filter>
    </ClInclude>
    <ClInclude Include="SourceStations\stations.h">
      <Filter>Header Files</Filter>
    </ClInclude>
  </ItemGroup>
  <ItemGroup>
    <ClCompile Include="SourceAstronauts\astronauts.cpp">
      <Filter>Source Files</Filter>
    </ClCompile>
    <ClCompile Include="SourceAstronauts\team.cpp">
      <Filter>Source Files</Filter>
    </ClCompile>
    <ClCompile Include="SourceCore\colide.cpp">
      <Filter>Source Files</Filter>
    </ClCompile>
    <ClCompile Include="SourceCore\engine.cpp">
      <Filter>Source Files</Filter>
    </ClCompile>
    <ClCompile Include="SourceCore\globals.cpp">
      <Filter>Source Files</Filter>
    </ClCompile>
    <ClCompile Include="SourceCore\main.cpp">
      <Filter>Source Files</Filter>
    </ClCompile>
    <ClCompile Include="SourceCore\start_up.cpp">
      <Filter>Source Files</Filter>
    </ClCompile>
    <ClCompile Include="SourceGame\game_func.cpp">
      <Filter>Source Files</Filter>
    </ClCompile>
    <ClCompile Include="SourceGame\game_state.cpp">
      <Filter>Source Files</Filter>
    </ClCompile>
    <ClCompile Include="SourceGame\inHand.cpp">
      <Filter>Source Files</Filter>
    </ClCompile>
    <ClCompile Include="SourceGame\saving.cpp">
      <Filter>Source Files</Filter>
    </ClCompile>
    <ClCompile Include="SourceGame\subMain.cpp">
      <Filter>Source Files</Filter>
    </ClCompile>
    <ClCompile Include="SourceGame\subMission.cpp">
      <Filter>Source Files</Filter>
    </ClCompile>
    <ClCompile Include="SourceGame\subResearch.cpp">
      <Filter>Source Files</Filter>
    </ClCompile>
    <ClCompile Include="SourceMission\Case.cpp">
      <Filter>Source Files</Filter>
    </ClCompile>
    <ClCompile Include="SourceMission\Mission.cpp">
      <Filter>Source Files</Filter>
    </ClCompile>
    <ClCompile Include="SourceModule\Ground\mod_coms.cpp">
      <Filter>Source Files</Filter>
    </ClCompile>
    <ClCompile Include="SourceModule\Ground\mod_lanchpad.cpp">
      <Filter>Source Files</Filter>
    </ClCompile>
    <ClCompile Include="SourceModule\Ground\mod_RandD.cpp">
      <Filter>Source Files</Filter>
    </ClCompile>
    <ClCompile Include="SourceModule\Ground\mod_VAB.cpp">
      <Filter>Source Files</Filter>
    </ClCompile>
    <ClCompile Include="SourceModule\Orbit\mod_adv.cpp">
      <Filter>Source Files</Filter>
    </ClCompile>
    <ClCompile Include="SourceModule\Orbit\mod_arilock.cpp">
      <Filter>Source Files</Filter>
    </ClCompile>
    <ClCompile Include="SourceModule\Orbit\mod_basic.cpp">
      <Filter>Source Files</Filter>
    </ClCompile>
    <ClCompile Include="SourceModule\Orbit\mod_battery.cpp">
      <Filter>Source Files</Filter>
    </ClCompile>
    <ClCompile Include="SourceModule\Orbit\mod_heater.cpp">
      <Filter>Source Files</Filter>
    </ClCompile>
    <ClCompile Include="SourceModule\Orbit\mod_oxygenSynth.cpp">
      <Filter>Source Files</Filter>
    </ClCompile>
    <ClCompile Include="SourceModule\Orbit\mod_oxygenTank.cpp">
      <Filter>Source Files</Filter>
    </ClCompile>
    <ClCompile Include="SourceModule\Orbit\mod_solar.cpp">
      <Filter>Source Files</Filter>
    </ClCompile>
    <ClCompile Include="SourceModule\mod_base.cpp">
      <Filter>Source Files</Filter>
    </ClCompile>
    <ClCompile Include="SourceOverlays\detail_panel.cpp">
      <Filter>Source Files</Filter>
    </ClCompile>
    <ClCompile Include="SourceOverlays\editor.cpp">
      <Filter>Source Files</Filter>
    </ClCompile>
    <ClCompile Include="SourceOverlays\energy_info.cpp">
      <Filter>Source Files</Filter>
    </ClCompile>
    <ClCompile Include="SourceOverlays\exit_menu.cpp">
      <Filter>Source Files</Filter>
    </ClCompile>
    <ClCompile Include="SourceOverlays\info_banner.cpp">
      <Filter>Source Files</Filter>
    </ClCompile>
    <ClCompile Include="SourceOverlays\Manager.cpp">
      <Filter>Source Files</Filter>
    </ClCompile>
    <ClCompile Include="SourceOverlays\Overlays_Base.cpp">
      <Filter>Source Files</Filter>
    </ClCompile>
    <ClCompile Include="SourceResearch\Option.cpp">
      <Filter>Source Files</Filter>
    </ClCompile>
    <ClCompile Include="SourceStages\stages.cpp">
      <Filter>Source Files</Filter>
    </ClCompile>
    <ClCompile Include="SourceStates\menu_load.cpp">
      <Filter>Source Files</Filter>
    </ClCompile>
    <ClCompile Include="SourceStates\menu_state.cpp">
      <Filter>Source Files</Filter>
    </ClCompile>
    <ClCompile Include="SourceStations\stations.cpp">
      <Filter>Source Files</Filter>
    </ClCompile>
    <ClCompile Include="SourceModule\Orbit\mod_bio.cpp">
      <Filter>Source Files</Filter>
    </ClCompile>
    <ClCompile Include="SourceModule\Orbit\mod_hex.cpp">
      <Filter>Source Files</Filter>
    </ClCompile>
  </ItemGroup>
</Project>